Microsoft Visual Studio Solution File, Format Version 12.00
# Visual Studio Version 17
VisualStudioVersion = 17.5.2.0
MinimumVisualStudioVersion = 10.0.40219.1
Project("{FAE04EC0-301F-11D3-BF4B-00C04F79EFBC}") = "HalfAdderATPG", "HalfAdderATPG.csproj", "{06D16AAB-9A0F-FF5B-88CB-9C901153F163}"
EndProject
Global
	GlobalSection(SolutionConfigurationPlatforms) = preSolution
		Debug|Any CPU = Debug|Any CPU
		Release|Any CPU = Release|Any CPU
	EndGlobalSection
	GlobalSection(ProjectConfigurationPlatforms) = postSolution
		{06D16AAB-9A0F-FF5B-88CB-9C901153F163}.Debug|Any CPU.ActiveCfg = Debug|Any CPU
		{06D16AAB-9A0F-FF5B-88CB-9C901153F163}.Debug|Any CPU.Build.0 = Debug|Any CPU
		{06D16AAB-9A0F-FF5B-88CB-9C901153F163}.Release|Any CPU.ActiveCfg = Release|Any CPU
		{06D16AAB-9A0F-FF5B-88CB-9C901153F163}.Release|Any CPU.Build.0 = Release|Any CPU
	EndGlobalSection
	GlobalSection(SolutionProperties) = preSolution
		HideSolutionNode = FALSE
	EndGlobalSection
	GlobalSection(ExtensibilityGlobals) = postSolution
		SolutionGuid = {4787662F-363C-4D5A-90C7-7397DC65F827}
	EndGlobalSection
EndGlobal
